
Microsoft Visual Studio Solution File, Format Version 12.00
# Visual Studio Version 16
VisualStudioVersion = 16.0.32228.343
MinimumVisualStudioVersion = 10.0.40219.1
Project("{9A19103F-16F7-4668-BE54-9A1E7A4F7556}") = "Application", "Application\Application.csproj", "{DC3F48BA-7EEB-4290-86F7-5533D3F55AAC}"
EndProject
Project("{9A19103F-16F7-4668-BE54-9A1E7A4F7556}") = "DataGeneratorSample", "DataGeneratorSample\DataGeneratorSample.csproj", "{ADF53ABE-13DD-48E7-9525-8AB5C8AEA440}"
EndProject
Project("{9A19103F-16F7-4668-BE54-9A1E7A4F7556}") = "ManyToMany", "ManyToMany\ManyToMany.csproj", "{2B6C0015-5D5E-4773-8572-25D2C68CC6C6}"
EndProject
Project("{9A19103F-16F7-4668-BE54-9A1E7A4F7556}") = "MongoDemoSample", "MongoDemoSample\MongoDemoSample.csproj", "{0921F735-5530-4DE4-820A-34A4C416581C}"
EndProject
Project("{9A19103F-16F7-4668-BE54-9A1E7A4F7556}") = "MongoSamp2", "MongoSamp2\MongoSamp2.csproj", "{BE89C31B-46CB-45CD-8D99-F66146AB7AE0}"
EndProject
Project("{9A19103F-16F7-4668-BE54-9A1E7A4F7556}") = "OneToMany", "OneToMany\OneToMany.csproj", "{4564666C-1F6A-417B-B823-3D8A86E821D1}"
EndProject
Project("{9A19103F-16F7-4668-BE54-9A1E7A4F7556}") = "OneToOne", "OneToOne\OneToOne.csproj", "{3764D3C9-E108-4455-B3E9-30B0E68D08FC}"
EndProject
Project("{2150E333-8FDC-42A3-9474-1A3956D46DE8}") = "Solution Items", "Solution Items", "{66B2415C-1EA8-466C-A169-88FD5B503FF6}"
	ProjectSection(SolutionItems) = preProject
		Common description.txt = Common description.txt
	EndProjectSection
EndProject
Project("{9A19103F-16F7-4668-BE54-9A1E7A4F7556}") = "MonSerialization", "MonSerialization\MonSerialization.csproj", "{100652D1-CD73-40FE-B031-DF593739D133}"
EndProject
Project("{9A19103F-16F7-4668-BE54-9A1E7A4F7556}") = "FilterForSubNodeTest", "FilterForSubNodeTest\FilterForSubNodeTest.csproj", "{0DAA608E-59FC-49D1-8198-932CCFFC1341}"
EndProject
Project("{9A19103F-16F7-4668-BE54-9A1E7A4F7556}") = "LoookupAggregate", "LoookupAggregate\LoookupAggregate.csproj", "{5D9C466D-0066-459D-9FE4-8E172241D0AE}"
EndProject
Project("{9A19103F-16F7-4668-BE54-9A1E7A4F7556}") = "Mongo.DAL", "Mongo.DAL\Mongo.DAL.csproj", "{D14206F6-0ED0-4613-8A80-DBAF6A36F352}"
EndProject
Project("{9A19103F-16F7-4668-BE54-9A1E7A4F7556}") = "MonGoCreate", "MonGoCreate\MonGoCreate.csproj", "{875796E0-4965-40E7-9577-4808D0F420D8}"
EndProject
Project("{9A19103F-16F7-4668-BE54-9A1E7A4F7556}") = "AggregateMonGo", "AggregateMonGo\AggregateMonGo.csproj", "{B36D3D6C-306D-4468-85AC-788555129599}"
EndProject
Project("{9A19103F-16F7-4668-BE54-9A1E7A4F7556}") = "MergeMonGo", "MergeMonGo\MergeMonGo.csproj", "{49AEF026-2010-40F6-959E-17998E9CCC3C}"
EndProject
Project("{9A19103F-16F7-4668-BE54-9A1E7A4F7556}") = "TestGuidFieldFromMongo", "TestGuidFieldFromMongo\TestGuidFieldFromMongo.csproj", "{60F989AF-9F43-47A2-863B-E0F2026DF0F2}"
EndProject
Project("{2150E333-8FDC-42A3-9474-1A3956D46DE8}") = "FirebaseProjects", "FirebaseProjects", "{DEFFC79F-7B03-440E-821B-03BD1F329AB6}"
EndProject
Project("{9A19103F-16F7-4668-BE54-9A1E7A4F7556}") = "FireBaseNotification", "FireBaseNotification\FireBaseNotification.csproj", "{C29A2850-E141-493A-8F30-B726DB7F6EC3}"
EndProject
Project("{2150E333-8FDC-42A3-9474-1A3956D46DE8}") = "GrappQlApiSamples", "GrappQlApiSamples", "{2D5B1CB5-6C5F-4579-82DD-522DF8BBD839}"
EndProject
Project("{9A19103F-16F7-4668-BE54-9A1E7A4F7556}") = "PureCodeFirst", "PureCodeFirst\PureCodeFirst.csproj", "{E98D5BFE-124D-4FB6-A791-F7E4CC0B9B51}"
EndProject
Project("{9A19103F-16F7-4668-BE54-9A1E7A4F7556}") = "GraphQlСhocolateDataPackage", "GraphQlСhocolateDataPackage\GraphQlСhocolateDataPackage.csproj", "{0FC3D0C7-6F42-40CC-A53E-887CD95FA92D}"
EndProject
Project("{9A19103F-16F7-4668-BE54-9A1E7A4F7556}") = "GraphQlNorthwind", "GraphQlNorthwind\GraphQlNorthwind.csproj", "{C36ACB44-D0EA-4969-87F0-B90AD0DA82CE}"
EndProject
Project("{FAE04EC0-301F-11D3-BF4B-00C04F79EFBC}") = "ConsoleAppOpenContactDatabaseFirstApproach", "ConsoleAppOpenContactDatabaseFirstApproach\ConsoleAppOpenContactDatabaseFirstApproach.csproj", "{D7B747EF-0B0A-471D-8797-FA6A52EEB5E6}"
EndProject
Project("{9A19103F-16F7-4668-BE54-9A1E7A4F7556}") = "WebApplicationOpenContact", "WebApplicationOpenContact\WebApplicationOpenContact.csproj", "{D2764C59-FBB7-4AEF-869D-AEF4B5D59BEB}"
EndProject
Project("{9A19103F-16F7-4668-BE54-9A1E7A4F7556}") = "WebApplicationOpen", "WebApplicationOpen\WebApplicationOpen.csproj", "{B91B1512-F410-444D-A247-179F32878F69}"
EndProject
Project("{9A19103F-16F7-4668-BE54-9A1E7A4F7556}") = "Include", "Include\Include.csproj", "{730226D0-F7C5-4465-BEA2-98E4E279A460}"
EndProject
Project("{9A19103F-16F7-4668-BE54-9A1E7A4F7556}") = "MongoCarTest", "MongoCarTest\MongoCarTest.csproj", "{582127DF-8D80-4D71-BA32-85AB4D593832}"
EndProject
Project("{FAE04EC0-301F-11D3-BF4B-00C04F79EFBC}") = "PostgresqlEfCoreConsoleApp", "PostgresqlEfCoreConsoleApp\PostgresqlEfCoreConsoleApp.csproj", "{5CD42576-A72E-4CEA-84D2-BA7A254F7CA9}"
EndProject
Global
	GlobalSection(SolutionConfigurationPlatforms) = preSolution
		Debug|Any CPU = Debug|Any CPU
		Release|Any CPU = Release|Any CPU
	EndGlobalSection
	GlobalSection(ProjectConfigurationPlatforms) = postSolution
		{DC3F48BA-7EEB-4290-86F7-5533D3F55AAC}.Debug|Any CPU.ActiveCfg = Debug|Any CPU
		{DC3F48BA-7EEB-4290-86F7-5533D3F55AAC}.Debug|Any CPU.Build.0 = Debug|Any CPU
		{DC3F48BA-7EEB-4290-86F7-5533D3F55AAC}.Release|Any CPU.ActiveCfg = Release|Any CPU
		{DC3F48BA-7EEB-4290-86F7-5533D3F55AAC}.Release|Any CPU.Build.0 = Release|Any CPU
		{ADF53ABE-13DD-48E7-9525-8AB5C8AEA440}.Debug|Any CPU.ActiveCfg = Debug|Any CPU
		{ADF53ABE-13DD-48E7-9525-8AB5C8AEA440}.Debug|Any CPU.Build.0 = Debug|Any CPU
		{ADF53ABE-13DD-48E7-9525-8AB5C8AEA440}.Release|Any CPU.ActiveCfg = Release|Any CPU
		{ADF53ABE-13DD-48E7-9525-8AB5C8AEA440}.Release|Any CPU.Build.0 = Release|Any CPU
		{2B6C0015-5D5E-4773-8572-25D2C68CC6C6}.Debug|Any CPU.ActiveCfg = Debug|Any CPU
		{2B6C0015-5D5E-4773-8572-25D2C68CC6C6}.Debug|Any CPU.Build.0 = Debug|Any CPU
		{2B6C0015-5D5E-4773-8572-25D2C68CC6C6}.Release|Any CPU.ActiveCfg = Release|Any CPU
		{2B6C0015-5D5E-4773-8572-25D2C68CC6C6}.Release|Any CPU.Build.0 = Release|Any CPU
		{0921F735-5530-4DE4-820A-34A4C416581C}.Debug|Any CPU.ActiveCfg = Debug|Any CPU
		{0921F735-5530-4DE4-820A-34A4C416581C}.Debug|Any CPU.Build.0 = Debug|Any CPU
		{0921F735-5530-4DE4-820A-34A4C416581C}.Release|Any CPU.ActiveCfg = Release|Any CPU
		{0921F735-5530-4DE4-820A-34A4C416581C}.Release|Any CPU.Build.0 = Release|Any CPU
		{BE89C31B-46CB-45CD-8D99-F66146AB7AE0}.Debug|Any CPU.ActiveCfg = Debug|Any CPU
		{BE89C31B-46CB-45CD-8D99-F66146AB7AE0}.Debug|Any CPU.Build.0 = Debug|Any CPU
		{BE89C31B-46CB-45CD-8D99-F66146AB7AE0}.Release|Any CPU.ActiveCfg = Release|Any CPU
		{BE89C31B-46CB-45CD-8D99-F66146AB7AE0}.Release|Any CPU.Build.0 = Release|Any CPU
		{4564666C-1F6A-417B-B823-3D8A86E821D1}.Debug|Any CPU.ActiveCfg = Debug|Any CPU
		{4564666C-1F6A-417B-B823-3D8A86E821D1}.Debug|Any CPU.Build.0 = Debug|Any CPU
		{4564666C-1F6A-417B-B823-3D8A86E821D1}.Release|Any CPU.ActiveCfg = Release|Any CPU
		{4564666C-1F6A-417B-B823-3D8A86E821D1}.Release|Any CPU.Build.0 = Release|Any CPU
		{3764D3C9-E108-4455-B3E9-30B0E68D08FC}.Debug|Any CPU.ActiveCfg = Debug|Any CPU
		{3764D3C9-E108-4455-B3E9-30B0E68D08FC}.Debug|Any CPU.Build.0 = Debug|Any CPU
		{3764D3C9-E108-4455-B3E9-30B0E68D08FC}.Release|Any CPU.ActiveCfg = Release|Any CPU
		{3764D3C9-E108-4455-B3E9-30B0E68D08FC}.Release|Any CPU.Build.0 = Release|Any CPU
		{100652D1-CD73-40FE-B031-DF593739D133}.Debug|Any CPU.ActiveCfg = Debug|Any CPU
		{100652D1-CD73-40FE-B031-DF593739D133}.Debug|Any CPU.Build.0 = Debug|Any CPU
		{100652D1-CD73-40FE-B031-DF593739D133}.Release|Any CPU.ActiveCfg = Release|Any CPU
		{100652D1-CD73-40FE-B031-DF593739D133}.Release|Any CPU.Build.0 = Release|Any CPU
		{0DAA608E-59FC-49D1-8198-932CCFFC1341}.Debug|Any CPU.ActiveCfg = Debug|Any CPU
		{0DAA608E-59FC-49D1-8198-932CCFFC1341}.Debug|Any CPU.Build.0 = Debug|Any CPU
		{0DAA608E-59FC-49D1-8198-932CCFFC1341}.Release|Any CPU.ActiveCfg = Release|Any CPU
		{0DAA608E-59FC-49D1-8198-932CCFFC1341}.Release|Any CPU.Build.0 = Release|Any CPU
		{5D9C466D-0066-459D-9FE4-8E172241D0AE}.Debug|Any CPU.ActiveCfg = Debug|Any CPU
		{5D9C466D-0066-459D-9FE4-8E172241D0AE}.Debug|Any CPU.Build.0 = Debug|Any CPU
		{5D9C466D-0066-459D-9FE4-8E172241D0AE}.Release|Any CPU.ActiveCfg = Release|Any CPU
		{5D9C466D-0066-459D-9FE4-8E172241D0AE}.Release|Any CPU.Build.0 = Release|Any CPU
		{D14206F6-0ED0-4613-8A80-DBAF6A36F352}.Debug|Any CPU.ActiveCfg = Debug|Any CPU
		{D14206F6-0ED0-4613-8A80-DBAF6A36F352}.Debug|Any CPU.Build.0 = Debug|Any CPU
		{D14206F6-0ED0-4613-8A80-DBAF6A36F352}.Release|Any CPU.ActiveCfg = Release|Any CPU
		{D14206F6-0ED0-4613-8A80-DBAF6A36F352}.Release|Any CPU.Build.0 = Release|Any CPU
		{875796E0-4965-40E7-9577-4808D0F420D8}.Debug|Any CPU.ActiveCfg = Debug|Any CPU
		{875796E0-4965-40E7-9577-4808D0F420D8}.Debug|Any CPU.Build.0 = Debug|Any CPU
		{875796E0-4965-40E7-9577-4808D0F420D8}.Release|Any CPU.ActiveCfg = Release|Any CPU
		{875796E0-4965-40E7-9577-4808D0F420D8}.Release|Any CPU.Build.0 = Release|Any CPU
		{B36D3D6C-306D-4468-85AC-788555129599}.Debug|Any CPU.ActiveCfg = Debug|Any CPU
		{B36D3D6C-306D-4468-85AC-788555129599}.Debug|Any CPU.Build.0 = Debug|Any CPU
		{B36D3D6C-306D-4468-85AC-788555129599}.Release|Any CPU.ActiveCfg = Release|Any CPU
		{B36D3D6C-306D-4468-85AC-788555129599}.Release|Any CPU.Build.0 = Release|Any CPU
		{49AEF026-2010-40F6-959E-17998E9CCC3C}.Debug|Any CPU.ActiveCfg = Debug|Any CPU
		{49AEF026-2010-40F6-959E-17998E9CCC3C}.Debug|Any CPU.Build.0 = Debug|Any CPU
		{49AEF026-2010-40F6-959E-17998E9CCC3C}.Release|Any CPU.ActiveCfg = Release|Any CPU
		{49AEF026-2010-40F6-959E-17998E9CCC3C}.Release|Any CPU.Build.0 = Release|Any CPU
		{60F989AF-9F43-47A2-863B-E0F2026DF0F2}.Debug|Any CPU.ActiveCfg = Debug|Any CPU
		{60F989AF-9F43-47A2-863B-E0F2026DF0F2}.Debug|Any CPU.Build.0 = Debug|Any CPU
		{60F989AF-9F43-47A2-863B-E0F2026DF0F2}.Release|Any CPU.ActiveCfg = Release|Any CPU
		{60F989AF-9F43-47A2-863B-E0F2026DF0F2}.Release|Any CPU.Build.0 = Release|Any CPU
		{C29A2850-E141-493A-8F30-B726DB7F6EC3}.Debug|Any CPU.ActiveCfg = Debug|Any CPU
		{C29A2850-E141-493A-8F30-B726DB7F6EC3}.Debug|Any CPU.Build.0 = Debug|Any CPU
		{C29A2850-E141-493A-8F30-B726DB7F6EC3}.Release|Any CPU.ActiveCfg = Release|Any CPU
		{C29A2850-E141-493A-8F30-B726DB7F6EC3}.Release|Any CPU.Build.0 = Release|Any CPU
		{E98D5BFE-124D-4FB6-A791-F7E4CC0B9B51}.Debug|Any CPU.ActiveCfg = Debug|Any CPU
		{E98D5BFE-124D-4FB6-A791-F7E4CC0B9B51}.Debug|Any CPU.Build.0 = Debug|Any CPU
		{E98D5BFE-124D-4FB6-A791-F7E4CC0B9B51}.Release|Any CPU.ActiveCfg = Release|Any CPU
		{E98D5BFE-124D-4FB6-A791-F7E4CC0B9B51}.Release|Any CPU.Build.0 = Release|Any CPU
		{0FC3D0C7-6F42-40CC-A53E-887CD95FA92D}.Debug|Any CPU.ActiveCfg = Debug|Any CPU
		{0FC3D0C7-6F42-40CC-A53E-887CD95FA92D}.Debug|Any CPU.Build.0 = Debug|Any CPU
		{0FC3D0C7-6F42-40CC-A53E-887CD95FA92D}.Release|Any CPU.ActiveCfg = Release|Any CPU
		{0FC3D0C7-6F42-40CC-A53E-887CD95FA92D}.Release|Any CPU.Build.0 = Release|Any CPU
		{C36ACB44-D0EA-4969-87F0-B90AD0DA82CE}.Debug|Any CPU.ActiveCfg = Debug|Any CPU
		{C36ACB44-D0EA-4969-87F0-B90AD0DA82CE}.Debug|Any CPU.Build.0 = Debug|Any CPU
		{C36ACB44-D0EA-4969-87F0-B90AD0DA82CE}.Release|Any CPU.ActiveCfg = Release|Any CPU
		{C36ACB44-D0EA-4969-87F0-B90AD0DA82CE}.Release|Any CPU.Build.0 = Release|Any CPU
		{D7B747EF-0B0A-471D-8797-FA6A52EEB5E6}.Debug|Any CPU.ActiveCfg = Debug|Any CPU
		{D7B747EF-0B0A-471D-8797-FA6A52EEB5E6}.Debug|Any CPU.Build.0 = Debug|Any CPU
		{D7B747EF-0B0A-471D-8797-FA6A52EEB5E6}.Release|Any CPU.ActiveCfg = Release|Any CPU
		{D7B747EF-0B0A-471D-8797-FA6A52EEB5E6}.Release|Any CPU.Build.0 = Release|Any CPU
		{D2764C59-FBB7-4AEF-869D-AEF4B5D59BEB}.Debug|Any CPU.ActiveCfg = Debug|Any CPU
		{D2764C59-FBB7-4AEF-869D-AEF4B5D59BEB}.Debug|Any CPU.Build.0 = Debug|Any CPU
		{D2764C59-FBB7-4AEF-869D-AEF4B5D59BEB}.Release|Any CPU.ActiveCfg = Release|Any CPU
		{D2764C59-FBB7-4AEF-869D-AEF4B5D59BEB}.Release|Any CPU.Build.0 = Release|Any CPU
		{B91B1512-F410-444D-A247-179F32878F69}.Debug|Any CPU.ActiveCfg = Debug|Any CPU
		{B91B1512-F410-444D-A247-179F32878F69}.Debug|Any CPU.Build.0 = Debug|Any CPU
		{B91B1512-F410-444D-A247-179F32878F69}.Release|Any CPU.ActiveCfg = Release|Any CPU
		{B91B1512-F410-444D-A247-179F32878F69}.Release|Any CPU.Build.0 = Release|Any CPU
		{730226D0-F7C5-4465-BEA2-98E4E279A460}.Debug|Any CPU.ActiveCfg = Debug|Any CPU
		{730226D0-F7C5-4465-BEA2-98E4E279A460}.Debug|Any CPU.Build.0 = Debug|Any CPU
		{730226D0-F7C5-4465-BEA2-98E4E279A460}.Release|Any CPU.ActiveCfg = Release|Any CPU
		{730226D0-F7C5-4465-BEA2-98E4E279A460}.Release|Any CPU.Build.0 = Release|Any CPU
		{582127DF-8D80-4D71-BA32-85AB4D593832}.Debug|Any CPU.ActiveCfg = Debug|Any CPU
		{582127DF-8D80-4D71-BA32-85AB4D593832}.Debug|Any CPU.Build.0 = Debug|Any CPU
		{582127DF-8D80-4D71-BA32-85AB4D593832}.Release|Any CPU.ActiveCfg = Release|Any CPU
		{582127DF-8D80-4D71-BA32-85AB4D593832}.Release|Any CPU.Build.0 = Release|Any CPU
		{5CD42576-A72E-4CEA-84D2-BA7A254F7CA9}.Debug|Any CPU.ActiveCfg = Debug|Any CPU
		{5CD42576-A72E-4CEA-84D2-BA7A254F7CA9}.Debug|Any CPU.Build.0 = Debug|Any CPU
		{5CD42576-A72E-4CEA-84D2-BA7A254F7CA9}.Release|Any CPU.ActiveCfg = Release|Any CPU
		{5CD42576-A72E-4CEA-84D2-BA7A254F7CA9}.Release|Any CPU.Build.0 = Release|Any CPU
	EndGlobalSection
	GlobalSection(SolutionProperties) = preSolution
		HideSolutionNode = FALSE
	EndGlobalSection
	GlobalSection(NestedProjects) = preSolution
		{C29A2850-E141-493A-8F30-B726DB7F6EC3} = {DEFFC79F-7B03-440E-821B-03BD1F329AB6}
		{E98D5BFE-124D-4FB6-A791-F7E4CC0B9B51} = {2D5B1CB5-6C5F-4579-82DD-522DF8BBD839}
		{0FC3D0C7-6F42-40CC-A53E-887CD95FA92D} = {2D5B1CB5-6C5F-4579-82DD-522DF8BBD839}
		{C36ACB44-D0EA-4969-87F0-B90AD0DA82CE} = {2D5B1CB5-6C5F-4579-82DD-522DF8BBD839}
	EndGlobalSection
	GlobalSection(ExtensibilityGlobals) = postSolution
		SolutionGuid = {DD726FEC-24F7-47B5-A4DB-1B261A4DF6F7}
	EndGlobalSection
EndGlobal
